
Microsoft Visual Studio Solution File, Format Version 12.00
# Visual Studio Version 17
VisualStudioVersion = 17.0.31903.59
MinimumVisualStudioVersion = 10.0.40219.1
Project("{FAE04EC0-301F-11D3-BF4B-00C04F79EFBC}") = "Core", "Core\Core.csproj", "{1F795858-118D-4DBA-8A03-A552F9E51974}"
EndProject
Project("{FAE04EC0-301F-11D3-BF4B-00C04F79EFBC}") = "Domain", "Domain\Domain.csproj", "{96EFCE2F-7254-4FF3-A1EF-4A1A50BFF62E}"
EndProject
Project("{FAE04EC0-301F-11D3-BF4B-00C04F79EFBC}") = "Adapters", "Adapters\Adapters.csproj", "{D33A8580-7F87-4E44-A975-FA77D4EC955B}"
EndProject
Project("{2150E333-8FDC-42A3-9474-1A3956D46DE8}") = "Consumers", "Consumers", "{5C0B0938-D549-4708-ABFF-D7B0F2592A26}"
EndProject
Project("{FAE04EC0-301F-11D3-BF4B-00C04F79EFBC}") = "API", "Consumers\API\API.csproj", "{AE9171AE-644F-4BDE-914F-129EE23453B3}"
EndProject
Project("{FAE04EC0-301F-11D3-BF4B-00C04F79EFBC}") = "Application", "Application\Application.csproj", "{7D94DFFD-F6F3-440B-97E5-95EA4BE6ECFB}"
EndProject
Global
	GlobalSection(SolutionConfigurationPlatforms) = preSolution
		Debug|Any CPU = Debug|Any CPU
		Release|Any CPU = Release|Any CPU
	EndGlobalSection
	GlobalSection(SolutionProperties) = preSolution
		HideSolutionNode = FALSE
	EndGlobalSection
	GlobalSection(ProjectConfigurationPlatforms) = postSolution
		{1F795858-118D-4DBA-8A03-A552F9E51974}.Debug|Any CPU.ActiveCfg = Debug|Any CPU
		{1F795858-118D-4DBA-8A03-A552F9E51974}.Debug|Any CPU.Build.0 = Debug|Any CPU
		{1F795858-118D-4DBA-8A03-A552F9E51974}.Release|Any CPU.ActiveCfg = Release|Any CPU
		{1F795858-118D-4DBA-8A03-A552F9E51974}.Release|Any CPU.Build.0 = Release|Any CPU
		{96EFCE2F-7254-4FF3-A1EF-4A1A50BFF62E}.Debug|Any CPU.ActiveCfg = Debug|Any CPU
		{96EFCE2F-7254-4FF3-A1EF-4A1A50BFF62E}.Debug|Any CPU.Build.0 = Debug|Any CPU
		{96EFCE2F-7254-4FF3-A1EF-4A1A50BFF62E}.Release|Any CPU.ActiveCfg = Release|Any CPU
		{96EFCE2F-7254-4FF3-A1EF-4A1A50BFF62E}.Release|Any CPU.Build.0 = Release|Any CPU
		{D33A8580-7F87-4E44-A975-FA77D4EC955B}.Debug|Any CPU.ActiveCfg = Debug|Any CPU
		{D33A8580-7F87-4E44-A975-FA77D4EC955B}.Debug|Any CPU.Build.0 = Debug|Any CPU
		{D33A8580-7F87-4E44-A975-FA77D4EC955B}.Release|Any CPU.ActiveCfg = Release|Any CPU
		{D33A8580-7F87-4E44-A975-FA77D4EC955B}.Release|Any CPU.Build.0 = Release|Any CPU
		{AE9171AE-644F-4BDE-914F-129EE23453B3}.Debug|Any CPU.ActiveCfg = Debug|Any CPU
		{AE9171AE-644F-4BDE-914F-129EE23453B3}.Debug|Any CPU.Build.0 = Debug|Any CPU
		{AE9171AE-644F-4BDE-914F-129EE23453B3}.Release|Any CPU.ActiveCfg = Release|Any CPU
		{AE9171AE-644F-4BDE-914F-129EE23453B3}.Release|Any CPU.Build.0 = Release|Any CPU
		{7D94DFFD-F6F3-440B-97E5-95EA4BE6ECFB}.Debug|Any CPU.ActiveCfg = Debug|Any CPU
		{7D94DFFD-F6F3-440B-97E5-95EA4BE6ECFB}.Debug|Any CPU.Build.0 = Debug|Any CPU
		{7D94DFFD-F6F3-440B-97E5-95EA4BE6ECFB}.Release|Any CPU.ActiveCfg = Release|Any CPU
		{7D94DFFD-F6F3-440B-97E5-95EA4BE6ECFB}.Release|Any CPU.Build.0 = Release|Any CPU
	EndGlobalSection
	GlobalSection(NestedProjects) = preSolution
		{AE9171AE-644F-4BDE-914F-129EE23453B3} = {5C0B0938-D549-4708-ABFF-D7B0F2592A26}
	EndGlobalSection
EndGlobal
